
Microsoft Visual Studio Solution File, Format Version 12.00
# Visual Studio 15
VisualStudioVersion = 15.0.28307.645
MinimumVisualStudioVersion = 10.0.40219.1
Project("{FAE04EC0-301F-11D3-BF4B-00C04F79EFBC}") = "Estacionamiento", "Estacionamiento\Estacionamiento.csproj", "{737DF0D1-F270-4869-BA22-7D7FC38BA008}"
	ProjectSection(ProjectDependencies) = postProject
		{4639E8F3-556F-42C5-B0F2-B9112B52919E} = {4639E8F3-556F-42C5-B0F2-B9112B52919E}
	EndProjectSection
EndProject
Project("{FAE04EC0-301F-11D3-BF4B-00C04F79EFBC}") = "WebServices", "WebServices\WebServices.csproj", "{4639E8F3-556F-42C5-B0F2-B9112B52919E}"
EndProject
Global
	GlobalSection(SolutionConfigurationPlatforms) = preSolution
		Debug|Any CPU = Debug|Any CPU
		Release|Any CPU = Release|Any CPU
	EndGlobalSection
	GlobalSection(ProjectConfigurationPlatforms) = postSolution
		{737DF0D1-F270-4869-BA22-7D7FC38BA008}.Debug|Any CPU.ActiveCfg = Debug|Any CPU
		{737DF0D1-F270-4869-BA22-7D7FC38BA008}.Debug|Any CPU.Build.0 = Debug|Any CPU
		{737DF0D1-F270-4869-BA22-7D7FC38BA008}.Release|Any CPU.ActiveCfg = Release|Any CPU
		{737DF0D1-F270-4869-BA22-7D7FC38BA008}.Release|Any CPU.Build.0 = Release|Any CPU
		{4639E8F3-556F-42C5-B0F2-B9112B52919E}.Debug|Any CPU.ActiveCfg = Debug|Any CPU
		{4639E8F3-556F-42C5-B0F2-B9112B52919E}.Debug|Any CPU.Build.0 = Debug|Any CPU
		{4639E8F3-556F-42C5-B0F2-B9112B52919E}.Release|Any CPU.ActiveCfg = Release|Any CPU
		{4639E8F3-556F-42C5-B0F2-B9112B52919E}.Release|Any CPU.Build.0 = Release|Any CPU
	EndGlobalSection
	GlobalSection(SolutionProperties) = preSolution
		HideSolutionNode = FALSE
	EndGlobalSection
	GlobalSection(ExtensibilityGlobals) = postSolution
		SolutionGuid = {97742816-4B81-4D13-8147-FDF94FC59076}
	EndGlobalSection
EndGlobal
